// !$*UTF8*$!
{
	archiveVersion = 1;
	classes = {
	};
	objectVersion = 46;
	objects = {

/* Begin PBXBuildFile section */
		2C1013551F24FEB90020A63C /* YFShareItemView.swift in Sources */ = {isa = PBXBuildFile; fileRef = 2C1013531F24FE850020A63C /* YFShareItemView.swift */; };
		2C1013561F24FECB0020A63C /* YFShareViewController.swift in Sources */ = {isa = PBXBuildFile; fileRef = 2C1013541F24FE850020A63C /* YFShareViewController.swift */; };
		2C1013571F24FECF0020A63C /* YFShareViewProtocols.swift in Sources */ = {isa = PBXBuildFile; fileRef = 2C1013521F24FE850020A63C /* YFShareViewProtocols.swift */; };
		2C136C311DC631EF0067E280 /* UIImage+Named.swift in Sources */ = {isa = PBXBuildFile; fileRef = 2C136C301DC631EF0067E280 /* UIImage+Named.swift */; };
		2C136C361DC6DAF20067E280 /* Bundle+Gank.swift in Sources */ = {isa = PBXBuildFile; fileRef = 2C136C351DC6DAF20067E280 /* Bundle+Gank.swift */; };
		2C221C691DC4B58E00428928 /* UIStoryBoard+Gank.swift in Sources */ = {isa = PBXBuildFile; fileRef = 2C221C681DC4B58E00428928 /* UIStoryBoard+Gank.swift */; };
		2C279E631F0FF9B400A256FF /* GankAlert.swift in Sources */ = {isa = PBXBuildFile; fileRef = 2C279E621F0FF9B400A256FF /* GankAlert.swift */; };
		2C279E651F10911C00A256FF /* String+Named.swift in Sources */ = {isa = PBXBuildFile; fileRef = 2C279E641F10911C00A256FF /* String+Named.swift */; };
		2C279E721F11F2DB00A256FF /* GankSoundEffect.swift in Sources */ = {isa = PBXBuildFile; fileRef = 2C279E711F11F2DB00A256FF /* GankSoundEffect.swift */; };
		2C279E741F11F3C400A256FF /* GankFeedbackEffect.swift in Sources */ = {isa = PBXBuildFile; fileRef = 2C279E731F11F3C400A256FF /* GankFeedbackEffect.swift */; };
		2C2A15711DC1F237003D5444 /* GankTabBarController.swift in Sources */ = {isa = PBXBuildFile; fileRef = 2C2A15701DC1F237003D5444 /* GankTabBarController.swift */; };
		2C2B78B61F0A767B00863819 /* CoverHeaderView.swift in Sources */ = {isa = PBXBuildFile; fileRef = 2C2B78B51F0A767B00863819 /* CoverHeaderView.swift */; };
		2C2B78B81F0A768E00863819 /* CoverHeaderView.xib in Resources */ = {isa = PBXBuildFile; fileRef = 2C2B78B71F0A768E00863819 /* CoverHeaderView.xib */; };
		2C2B78BA1F0A9CF600863819 /* UILabel+Gank.swift in Sources */ = {isa = PBXBuildFile; fileRef = 2C2B78B91F0A9CF600863819 /* UILabel+Gank.swift */; };
		2C30764D1F037E0100F595F2 /* Array+Gank.swift in Sources */ = {isa = PBXBuildFile; fileRef = 2C30764C1F037E0100F595F2 /* Array+Gank.swift */; };
		2C3867C31F277F68004952A3 /* Category.storyboard in Resources */ = {isa = PBXBuildFile; fileRef = 2C3867C21F277F68004952A3 /* Category.storyboard */; };
		2C421CA51F161B4A0027C388 /* GankDateCell.swift in Sources */ = {isa = PBXBuildFile; fileRef = 2C421CA41F161B4A0027C388 /* GankDateCell.swift */; };
		2C4D021E1DE1EAE800C044B5 /* New.storyboard in Resources */ = {isa = PBXBuildFile; fileRef = 2C4D021D1DE1EAE800C044B5 /* New.storyboard */; };
		2C4D02441DE2076800C044B5 /* DailyGankCell.swift in Sources */ = {isa = PBXBuildFile; fileRef = 2C4D023D1DE2076800C044B5 /* DailyGankCell.swift */; };
		2C4D02451DE2076800C044B5 /* DailyGankCell.xib in Resources */ = {isa = PBXBuildFile; fileRef = 2C4D023E1DE2076800C044B5 /* DailyGankCell.xib */; };
		2C4D02461DE2076800C044B5 /* DailyGankLoadingCell.swift in Sources */ = {isa = PBXBuildFile; fileRef = 2C4D023F1DE2076800C044B5 /* DailyGankLoadingCell.swift */; };
		2C4D02471DE2076800C044B5 /* DailyGankLoadingCell.xib in Resources */ = {isa = PBXBuildFile; fileRef = 2C4D02401DE2076800C044B5 /* DailyGankLoadingCell.xib */; };
		2C4DFB351F0022500068A73F /* SafeDispatch.swift in Sources */ = {isa = PBXBuildFile; fileRef = 2C4DFB341F0022500068A73F /* SafeDispatch.swift */; };
		2C4DFB371F0028270068A73F /* String+Gank.swift in Sources */ = {isa = PBXBuildFile; fileRef = 2C4DFB361F0028270068A73F /* String+Gank.swift */; };
		2C531D901DE6DAF500C920FB /* UITableView+Gank.swift in Sources */ = {isa = PBXBuildFile; fileRef = 2C531D8F1DE6DAF500C920FB /* UITableView+Gank.swift */; };
		2C531D931DE6DD2000C920FB /* Reusable.swift in Sources */ = {isa = PBXBuildFile; fileRef = 2C531D921DE6DD2000C920FB /* Reusable.swift */; };
		2C531D951DE6DD6500C920FB /* NibLoadable.swift in Sources */ = {isa = PBXBuildFile; fileRef = 2C531D941DE6DD6500C920FB /* NibLoadable.swift */; };
		2C531D981DE6DEC900C920FB /* FPSLabel.swift in Sources */ = {isa = PBXBuildFile; fileRef = 2C531D971DE6DEC900C920FB /* FPSLabel.swift */; };
		2C53F4051F14D59B0071A3AC /* GankUserDefaults.swift in Sources */ = {isa = PBXBuildFile; fileRef = 2C53F4041F14D59B0071A3AC /* GankUserDefaults.swift */; };
		2C53F4071F15F9A70071A3AC /* HistoryViewController.swift in Sources */ = {isa = PBXBuildFile; fileRef = 2C53F4061F15F9A70071A3AC /* HistoryViewController.swift */; };
		2C604FD41F13FB7E00E12F06 /* GankNotificationService.swift in Sources */ = {isa = PBXBuildFile; fileRef = 2C604FD31F13FB7E00E12F06 /* GankNotificationService.swift */; };
		2C6AEC601F08FD30005B79F9 /* Date+TimeAgo.swift in Sources */ = {isa = PBXBuildFile; fileRef = 2C6AEC5F1F08FD30005B79F9 /* Date+TimeAgo.swift */; };
		2C6AEC6D1F094AF2005B79F9 /* GankHeaderView.swift in Sources */ = {isa = PBXBuildFile; fileRef = 2C6AEC6C1F094AF2005B79F9 /* GankHeaderView.swift */; };
		2C6AEC6F1F094AFC005B79F9 /* GankHeaderView.xib in Resources */ = {isa = PBXBuildFile; fileRef = 2C6AEC6E1F094AFC005B79F9 /* GankHeaderView.xib */; };
		2C6AEC711F095575005B79F9 /* UIView+Gank.swift in Sources */ = {isa = PBXBuildFile; fileRef = 2C6AEC701F095575005B79F9 /* UIView+Gank.swift */; };
		2C6AEC741F0959EE005B79F9 /* CustomFooterView.swift in Sources */ = {isa = PBXBuildFile; fileRef = 2C6AEC731F0959EE005B79F9 /* CustomFooterView.swift */; };
		2C6AEC761F0959F6005B79F9 /* CustomFooterView.xib in Resources */ = {isa = PBXBuildFile; fileRef = 2C6AEC751F0959F6005B79F9 /* CustomFooterView.xib */; };
		2C74F1321F287CCD002A9EEF /* ArticleViewController.swift in Sources */ = {isa = PBXBuildFile; fileRef = 2C74F1311F287CCD002A9EEF /* ArticleViewController.swift */; };
		2C74F1341F2880F5002A9EEF /* MeiziViewController.swift in Sources */ = {isa = PBXBuildFile; fileRef = 2C74F1331F2880F5002A9EEF /* MeiziViewController.swift */; };
		2C74F1361F288243002A9EEF /* VideoViewController.swift in Sources */ = {isa = PBXBuildFile; fileRef = 2C74F1351F288243002A9EEF /* VideoViewController.swift */; };
		2C74F1401F28CB36002A9EEF /* ArticleGankLoadingCell.swift in Sources */ = {isa = PBXBuildFile; fileRef = 2C74F13E1F28CB36002A9EEF /* ArticleGankLoadingCell.swift */; };
		2C74F1411F28CB36002A9EEF /* ArticleGankLoadingCell.xib in Resources */ = {isa = PBXBuildFile; fileRef = 2C74F13F1F28CB36002A9EEF /* ArticleGankLoadingCell.xib */; };
		2C75352C1DC8D02900C957A4 /* GankConfig.swift in Sources */ = {isa = PBXBuildFile; fileRef = 2C75352B1DC8D02900C957A4 /* GankConfig.swift */; };
		2C75352E1DC8D03900C957A4 /* GankLogger.swift in Sources */ = {isa = PBXBuildFile; fileRef = 2C75352D1DC8D03900C957A4 /* GankLogger.swift */; };
		2C83C8E71DAE0F4500FCE89A /* AppDelegate.swift in Sources */ = {isa = PBXBuildFile; fileRef = 2C83C8E61DAE0F4500FCE89A /* AppDelegate.swift */; };
		2C83C8EC1DAE0F4500FCE89A /* Main.storyboard in Resources */ = {isa = PBXBuildFile; fileRef = 2C83C8EA1DAE0F4500FCE89A /* Main.storyboard */; };
		2C83C8EE1DAE0F4500FCE89A /* Assets.xcassets in Resources */ = {isa = PBXBuildFile; fileRef = 2C83C8ED1DAE0F4500FCE89A /* Assets.xcassets */; };
		2C83C8F11DAE0F4500FCE89A /* LaunchScreen.storyboard in Resources */ = {isa = PBXBuildFile; fileRef = 2C83C8EF1DAE0F4500FCE89A /* LaunchScreen.storyboard */; };
		2C83C8FC1DAE0F4500FCE89A /* GankTests.swift in Sources */ = {isa = PBXBuildFile; fileRef = 2C83C8FB1DAE0F4500FCE89A /* GankTests.swift */; };
		2C83C9071DAE0F4500FCE89A /* GankUITests.swift in Sources */ = {isa = PBXBuildFile; fileRef = 2C83C9061DAE0F4500FCE89A /* GankUITests.swift */; };
		2C971B6A1DC200DA00843481 /* BaseViewController.swift in Sources */ = {isa = PBXBuildFile; fileRef = 2C971B691DC200DA00843481 /* BaseViewController.swift */; };
		2C971B6C1DC200F600843481 /* SegueViewController.swift in Sources */ = {isa = PBXBuildFile; fileRef = 2C971B6B1DC200F600843481 /* SegueViewController.swift */; };
		2C971B6F1DC2019500843481 /* UIColor+Gank.swift in Sources */ = {isa = PBXBuildFile; fileRef = 2C971B6E1DC2019500843481 /* UIColor+Gank.swift */; };
		2C971B741DC203E200843481 /* NewViewController.swift in Sources */ = {isa = PBXBuildFile; fileRef = 2C971B731DC203E200843481 /* NewViewController.swift */; };
		2C971B761DC203F400843481 /* CategoryViewController.swift in Sources */ = {isa = PBXBuildFile; fileRef = 2C971B751DC203F400843481 /* CategoryViewController.swift */; };
		2C971B781DC2040400843481 /* MeViewController.swift in Sources */ = {isa = PBXBuildFile; fileRef = 2C971B771DC2040400843481 /* MeViewController.swift */; };
		2C98A41B1DDDFBDB001CBE37 /* Date+Gank.swift in Sources */ = {isa = PBXBuildFile; fileRef = 2C98A41A1DDDFBDB001CBE37 /* Date+Gank.swift */; };
		2C98A41D1DE00935001CBE37 /* GankServiceTests.swift in Sources */ = {isa = PBXBuildFile; fileRef = 2C98A41C1DE00935001CBE37 /* GankServiceTests.swift */; };
		2CAC73641F124BF500AB51D0 /* tabbar.m4a in Resources */ = {isa = PBXBuildFile; fileRef = 2CAC73631F124B6C00AB51D0 /* tabbar.m4a */; };
		2CBC3B771F172C5B00A49286 /* GankBackgroundFetchService.swift in Sources */ = {isa = PBXBuildFile; fileRef = 2CBC3B761F172C5B00A49286 /* GankBackgroundFetchService.swift */; };
		2CCE93281F1E1729009DABA9 /* WebView.storyboard in Resources */ = {isa = PBXBuildFile; fileRef = 2CCE93271F1E1729009DABA9 /* WebView.storyboard */; };
		2CCE932A1F1E305F009DABA9 /* GankDetailViewController.swift in Sources */ = {isa = PBXBuildFile; fileRef = 2CCE93291F1E3005009DABA9 /* GankDetailViewController.swift */; };
		2CCFD9B71DCF611100526C15 /* GankNetworking.swift in Sources */ = {isa = PBXBuildFile; fileRef = 2CCFD9B61DCF611100526C15 /* GankNetworking.swift */; };
		2CCFD9BA1DCFA6DE00526C15 /* GankService.swift in Sources */ = {isa = PBXBuildFile; fileRef = 2CCFD9B91DCFA6DE00526C15 /* GankService.swift */; };
		2CE80D601DC24BB90011BB48 /* UIFont+Gank.swift in Sources */ = {isa = PBXBuildFile; fileRef = 2CE80D5F1DC24BB90011BB48 /* UIFont+Gank.swift */; };
		2CE80D691DC260B20011BB48 /* GankNavigationController.swift in Sources */ = {isa = PBXBuildFile; fileRef = 2CE80D681DC260B20011BB48 /* GankNavigationController.swift */; };
		97C3B78E580C1CFD9009E70B /* Pods_Gank.framework in Frameworks */ = {isa = PBXBuildFile; fileRef = B7CD6BF2000B54F8882894B0 /* Pods_Gank.framework */; };
/* End PBXBuildFile section */

/* Begin PBXContainerItemProxy section */
		2C83C8F81DAE0F4500FCE89A /* PBXContainerItemProxy */ = {
			isa = PBXContainerItemProxy;
			containerPortal = 2C83C8DB1DAE0F4500FCE89A /* Project object */;
			proxyType = 1;
			remoteGlobalIDString = 2C83C8E21DAE0F4500FCE89A;
			remoteInfo = Gank;
		};
		2C83C9031DAE0F4500FCE89A /* PBXContainerItemProxy */ = {
			isa = PBXContainerItemProxy;
			containerPortal = 2C83C8DB1DAE0F4500FCE89A /* Project object */;
			proxyType = 1;
			remoteGlobalIDString = 2C83C8E21DAE0F4500FCE89A;
			remoteInfo = Gank;
		};
/* End PBXContainerItemProxy section */

/* Begin PBXFileReference section */
		2C1013521F24FE850020A63C /* YFShareViewProtocols.swift */ = {isa = PBXFileReference; lastKnownFileType = sourcecode.swift; path = YFShareViewProtocols.swift; sourceTree = "<group>"; };
		2C1013531F24FE850020A63C /* YFShareItemView.swift */ = {isa = PBXFileReference; lastKnownFileType = sourcecode.swift; path = YFShareItemView.swift; sourceTree = "<group>"; };
		2C1013541F24FE850020A63C /* YFShareViewController.swift */ = {isa = PBXFileReference; lastKnownFileType = sourcecode.swift; path = YFShareViewController.swift; sourceTree = "<group>"; };
		2C136C301DC631EF0067E280 /* UIImage+Named.swift */ = {isa = PBXFileReference; fileEncoding = 4; lastKnownFileType = sourcecode.swift; path = "UIImage+Named.swift"; sourceTree = "<group>"; };
		2C136C351DC6DAF20067E280 /* Bundle+Gank.swift */ = {isa = PBXFileReference; fileEncoding = 4; lastKnownFileType = sourcecode.swift; path = "Bundle+Gank.swift"; sourceTree = "<group>"; };
		2C221C681DC4B58E00428928 /* UIStoryBoard+Gank.swift */ = {isa = PBXFileReference; fileEncoding = 4; lastKnownFileType = sourcecode.swift; path = "UIStoryBoard+Gank.swift"; sourceTree = "<group>"; };
		2C279E621F0FF9B400A256FF /* GankAlert.swift */ = {isa = PBXFileReference; lastKnownFileType = sourcecode.swift; name = GankAlert.swift; path = Helpers/GankAlert.swift; sourceTree = "<group>"; };
		2C279E641F10911C00A256FF /* String+Named.swift */ = {isa = PBXFileReference; lastKnownFileType = sourcecode.swift; path = "String+Named.swift"; sourceTree = "<group>"; };
		2C279E711F11F2DB00A256FF /* GankSoundEffect.swift */ = {isa = PBXFileReference; lastKnownFileType = sourcecode.swift; name = GankSoundEffect.swift; path = Helpers/GankSoundEffect.swift; sourceTree = "<group>"; };
		2C279E731F11F3C400A256FF /* GankFeedbackEffect.swift */ = {isa = PBXFileReference; lastKnownFileType = sourcecode.swift; name = GankFeedbackEffect.swift; path = Helpers/GankFeedbackEffect.swift; sourceTree = "<group>"; };
		2C2A15701DC1F237003D5444 /* GankTabBarController.swift */ = {isa = PBXFileReference; fileEncoding = 4; lastKnownFileType = sourcecode.swift; path = GankTabBarController.swift; sourceTree = "<group>"; };
		2C2B78B51F0A767B00863819 /* CoverHeaderView.swift */ = {isa = PBXFileReference; lastKnownFileType = sourcecode.swift; path = CoverHeaderView.swift; sourceTree = "<group>"; };
		2C2B78B71F0A768E00863819 /* CoverHeaderView.xib */ = {isa = PBXFileReference; lastKnownFileType = file.xib; path = CoverHeaderView.xib; sourceTree = "<group>"; };
		2C2B78B91F0A9CF600863819 /* UILabel+Gank.swift */ = {isa = PBXFileReference; lastKnownFileType = sourcecode.swift; path = "UILabel+Gank.swift"; sourceTree = "<group>"; };
		2C30764C1F037E0100F595F2 /* Array+Gank.swift */ = {isa = PBXFileReference; lastKnownFileType = sourcecode.swift; path = "Array+Gank.swift"; sourceTree = "<group>"; };
		2C3867C21F277F68004952A3 /* Category.storyboard */ = {isa = PBXFileReference; fileEncoding = 4; lastKnownFileType = file.storyboard; path = Category.storyboard; sourceTree = "<group>"; };
		2C421CA41F161B4A0027C388 /* GankDateCell.swift */ = {isa = PBXFileReference; lastKnownFileType = sourcecode.swift; path = GankDateCell.swift; sourceTree = "<group>"; };
		2C4D021D1DE1EAE800C044B5 /* New.storyboard */ = {isa = PBXFileReference; fileEncoding = 4; lastKnownFileType = file.storyboard; path = New.storyboard; sourceTree = "<group>"; };
		2C4D023D1DE2076800C044B5 /* DailyGankCell.swift */ = {isa = PBXFileReference; fileEncoding = 4; lastKnownFileType = sourcecode.swift; path = DailyGankCell.swift; sourceTree = "<group>"; };
		2C4D023E1DE2076800C044B5 /* DailyGankCell.xib */ = {isa = PBXFileReference; fileEncoding = 4; lastKnownFileType = file.xib; path = DailyGankCell.xib; sourceTree = "<group>"; };
		2C4D023F1DE2076800C044B5 /* DailyGankLoadingCell.swift */ = {isa = PBXFileReference; fileEncoding = 4; lastKnownFileType = sourcecode.swift; path = DailyGankLoadingCell.swift; sourceTree = "<group>"; };
		2C4D02401DE2076800C044B5 /* DailyGankLoadingCell.xib */ = {isa = PBXFileReference; fileEncoding = 4; lastKnownFileType = file.xib; path = DailyGankLoadingCell.xib; sourceTree = "<group>"; };
		2C4DFB341F0022500068A73F /* SafeDispatch.swift */ = {isa = PBXFileReference; lastKnownFileType = sourcecode.swift; name = SafeDispatch.swift; path = Helpers/SafeDispatch.swift; sourceTree = "<group>"; };
		2C4DFB361F0028270068A73F /* String+Gank.swift */ = {isa = PBXFileReference; lastKnownFileType = sourcecode.swift; path = "String+Gank.swift"; sourceTree = "<group>"; };
		2C531D8F1DE6DAF500C920FB /* UITableView+Gank.swift */ = {isa = PBXFileReference; fileEncoding = 4; lastKnownFileType = sourcecode.swift; path = "UITableView+Gank.swift"; sourceTree = "<group>"; };
		2C531D921DE6DD2000C920FB /* Reusable.swift */ = {isa = PBXFileReference; fileEncoding = 4; lastKnownFileType = sourcecode.swift; path = Reusable.swift; sourceTree = "<group>"; };
		2C531D941DE6DD6500C920FB /* NibLoadable.swift */ = {isa = PBXFileReference; fileEncoding = 4; lastKnownFileType = sourcecode.swift; path = NibLoadable.swift; sourceTree = "<group>"; };
		2C531D971DE6DEC900C920FB /* FPSLabel.swift */ = {isa = PBXFileReference; fileEncoding = 4; lastKnownFileType = sourcecode.swift; path = FPSLabel.swift; sourceTree = "<group>"; };
		2C53F4041F14D59B0071A3AC /* GankUserDefaults.swift */ = {isa = PBXFileReference; lastKnownFileType = sourcecode.swift; name = GankUserDefaults.swift; path = Helpers/GankUserDefaults.swift; sourceTree = "<group>"; };
		2C53F4061F15F9A70071A3AC /* HistoryViewController.swift */ = {isa = PBXFileReference; lastKnownFileType = sourcecode.swift; path = HistoryViewController.swift; sourceTree = "<group>"; };
		2C604FD31F13FB7E00E12F06 /* GankNotificationService.swift */ = {isa = PBXFileReference; lastKnownFileType = sourcecode.swift; path = GankNotificationService.swift; sourceTree = "<group>"; };
		2C6AEC5F1F08FD30005B79F9 /* Date+TimeAgo.swift */ = {isa = PBXFileReference; lastKnownFileType = sourcecode.swift; path = "Date+TimeAgo.swift"; sourceTree = "<group>"; };
		2C6AEC6C1F094AF2005B79F9 /* GankHeaderView.swift */ = {isa = PBXFileReference; lastKnownFileType = sourcecode.swift; path = GankHeaderView.swift; sourceTree = "<group>"; };
		2C6AEC6E1F094AFC005B79F9 /* GankHeaderView.xib */ = {isa = PBXFileReference; lastKnownFileType = file.xib; path = GankHeaderView.xib; sourceTree = "<group>"; };
		2C6AEC701F095575005B79F9 /* UIView+Gank.swift */ = {isa = PBXFileReference; lastKnownFileType = sourcecode.swift; path = "UIView+Gank.swift"; sourceTree = "<group>"; };
		2C6AEC731F0959EE005B79F9 /* CustomFooterView.swift */ = {isa = PBXFileReference; lastKnownFileType = sourcecode.swift; path = CustomFooterView.swift; sourceTree = "<group>"; };
		2C6AEC751F0959F6005B79F9 /* CustomFooterView.xib */ = {isa = PBXFileReference; lastKnownFileType = file.xib; path = CustomFooterView.xib; sourceTree = "<group>"; };
		2C74F1311F287CCD002A9EEF /* ArticleViewController.swift */ = {isa = PBXFileReference; lastKnownFileType = sourcecode.swift; path = ArticleViewController.swift; sourceTree = "<group>"; };
		2C74F1331F2880F5002A9EEF /* MeiziViewController.swift */ = {isa = PBXFileReference; lastKnownFileType = sourcecode.swift; path = MeiziViewController.swift; sourceTree = "<group>"; };
		2C74F1351F288243002A9EEF /* VideoViewController.swift */ = {isa = PBXFileReference; lastKnownFileType = sourcecode.swift; path = VideoViewController.swift; sourceTree = "<group>"; };
		2C74F13E1F28CB36002A9EEF /* ArticleGankLoadingCell.swift */ = {isa = PBXFileReference; lastKnownFileType = sourcecode.swift; path = ArticleGankLoadingCell.swift; sourceTree = "<group>"; };
		2C74F13F1F28CB36002A9EEF /* ArticleGankLoadingCell.xib */ = {isa = PBXFileReference; lastKnownFileType = file.xib; path = ArticleGankLoadingCell.xib; sourceTree = "<group>"; };
		2C75352B1DC8D02900C957A4 /* GankConfig.swift */ = {isa = PBXFileReference; fileEncoding = 4; lastKnownFileType = sourcecode.swift; name = GankConfig.swift; path = Helpers/GankConfig.swift; sourceTree = "<group>"; };
		2C75352D1DC8D03900C957A4 /* GankLogger.swift */ = {isa = PBXFileReference; fileEncoding = 4; lastKnownFileType = sourcecode.swift; name = GankLogger.swift; path = Helpers/GankLogger.swift; sourceTree = "<group>"; };
		2C83C8E31DAE0F4500FCE89A /* Gank.app */ = {isa = PBXFileReference; explicitFileType = wrapper.application; includeInIndex = 0; path = Gank.app; sourceTree = BUILT_PRODUCTS_DIR; };
		2C83C8E61DAE0F4500FCE89A /* AppDelegate.swift */ = {isa = PBXFileReference; lastKnownFileType = sourcecode.swift; path = AppDelegate.swift; sourceTree = "<group>"; };
		2C83C8EB1DAE0F4500FCE89A /* Base */ = {isa = PBXFileReference; lastKnownFileType = file.storyboard; name = Base; path = Base.lproj/Main.storyboard; sourceTree = "<group>"; };
		2C83C8ED1DAE0F4500FCE89A /* Assets.xcassets */ = {isa = PBXFileReference; lastKnownFileType = folder.assetcatalog; path = Assets.xcassets; sourceTree = "<group>"; };
		2C83C8F01DAE0F4500FCE89A /* Base */ = {isa = PBXFileReference; lastKnownFileType = file.storyboard; name = Base; path = Base.lproj/LaunchScreen.storyboard; sourceTree = "<group>"; };
		2C83C8F21DAE0F4500FCE89A /* Info.plist */ = {isa = PBXFileReference; lastKnownFileType = text.plist.xml; path = Info.plist; sourceTree = "<group>"; };
		2C83C8F71DAE0F4500FCE89A /* GankTests.xctest */ = {isa = PBXFileReference; explicitFileType = wrapper.cfbundle; includeInIndex = 0; path = GankTests.xctest; sourceTree = BUILT_PRODUCTS_DIR; };
		2C83C8FB1DAE0F4500FCE89A /* GankTests.swift */ = {isa = PBXFileReference; lastKnownFileType = sourcecode.swift; path = GankTests.swift; sourceTree = "<group>"; };
		2C83C8FD1DAE0F4500FCE89A /* Info.plist */ = {isa = PBXFileReference; lastKnownFileType = text.plist.xml; path = Info.plist; sourceTree = "<group>"; };
		2C83C9021DAE0F4500FCE89A /* GankUITests.xctest */ = {isa = PBXFileReference; explicitFileType = wrapper.cfbundle; includeInIndex = 0; path = GankUITests.xctest; sourceTree = BUILT_PRODUCTS_DIR; };
		2C83C9061DAE0F4500FCE89A /* GankUITests.swift */ = {isa = PBXFileReference; lastKnownFileType = sourcecode.swift; path = GankUITests.swift; sourceTree = "<group>"; };
		2C83C9081DAE0F4500FCE89A /* Info.plist */ = {isa = PBXFileReference; lastKnownFileType = text.plist.xml; path = Info.plist; sourceTree = "<group>"; };
		2C971B691DC200DA00843481 /* BaseViewController.swift */ = {isa = PBXFileReference; fileEncoding = 4; lastKnownFileType = sourcecode.swift; path = BaseViewController.swift; sourceTree = "<group>"; };
		2C971B6B1DC200F600843481 /* SegueViewController.swift */ = {isa = PBXFileReference; fileEncoding = 4; lastKnownFileType = sourcecode.swift; path = SegueViewController.swift; sourceTree = "<group>"; };
		2C971B6E1DC2019500843481 /* UIColor+Gank.swift */ = {isa = PBXFileReference; fileEncoding = 4; lastKnownFileType = sourcecode.swift; path = "UIColor+Gank.swift"; sourceTree = "<group>"; };
		2C971B731DC203E200843481 /* NewViewController.swift */ = {isa = PBXFileReference; fileEncoding = 4; lastKnownFileType = sourcecode.swift; path = NewViewController.swift; sourceTree = "<group>"; };
		2C971B751DC203F400843481 /* CategoryViewController.swift */ = {isa = PBXFileReference; fileEncoding = 4; lastKnownFileType = sourcecode.swift; path = CategoryViewController.swift; sourceTree = "<group>"; };
		2C971B771DC2040400843481 /* MeViewController.swift */ = {isa = PBXFileReference; fileEncoding = 4; lastKnownFileType = sourcecode.swift; path = MeViewController.swift; sourceTree = "<group>"; };
		2C98A41A1DDDFBDB001CBE37 /* Date+Gank.swift */ = {isa = PBXFileReference; fileEncoding = 4; lastKnownFileType = sourcecode.swift; path = "Date+Gank.swift"; sourceTree = "<group>"; };
		2C98A41C1DE00935001CBE37 /* GankServiceTests.swift */ = {isa = PBXFileReference; fileEncoding = 4; lastKnownFileType = sourcecode.swift; path = GankServiceTests.swift; sourceTree = "<group>"; };
		2CAC73631F124B6C00AB51D0 /* tabbar.m4a */ = {isa = PBXFileReference; lastKnownFileType = file; path = tabbar.m4a; sourceTree = "<group>"; };
		2CBC3B761F172C5B00A49286 /* GankBackgroundFetchService.swift */ = {isa = PBXFileReference; lastKnownFileType = sourcecode.swift; path = GankBackgroundFetchService.swift; sourceTree = "<group>"; };
		2CCE93271F1E1729009DABA9 /* WebView.storyboard */ = {isa = PBXFileReference; fileEncoding = 4; lastKnownFileType = file.storyboard; name = WebView.storyboard; path = Gank/ViewControllers/WebView/WebView.storyboard; sourceTree = SOURCE_ROOT; };
		2CCE93291F1E3005009DABA9 /* GankDetailViewController.swift */ = {isa = PBXFileReference; lastKnownFileType = sourcecode.swift; path = GankDetailViewController.swift; sourceTree = "<group>"; };
		2CCFD9B61DCF611100526C15 /* GankNetworking.swift */ = {isa = PBXFileReference; fileEncoding = 4; lastKnownFileType = sourcecode.swift; name = GankNetworking.swift; path = Helpers/GankNetworking.swift; sourceTree = "<group>"; };
		2CCFD9B81DCF797800526C15 /* Gank.entitlements */ = {isa = PBXFileReference; lastKnownFileType = text.plist.entitlements; path = Gank.entitlements; sourceTree = "<group>"; };
		2CCFD9B91DCFA6DE00526C15 /* GankService.swift */ = {isa = PBXFileReference; fileEncoding = 4; lastKnownFileType = sourcecode.swift; path = GankService.swift; sourceTree = "<group>"; };
		2CE80D5F1DC24BB90011BB48 /* UIFont+Gank.swift */ = {isa = PBXFileReference; fileEncoding = 4; lastKnownFileType = sourcecode.swift; path = "UIFont+Gank.swift"; sourceTree = "<group>"; };
		2CE80D681DC260B20011BB48 /* GankNavigationController.swift */ = {isa = PBXFileReference; fileEncoding = 4; lastKnownFileType = sourcecode.swift; path = GankNavigationController.swift; sourceTree = "<group>"; };
		7E9A160EDC9C3F33678E041B /* Pods-Gank.release.xcconfig */ = {isa = PBXFileReference; includeInIndex = 1; lastKnownFileType = text.xcconfig; name = "Pods-Gank.release.xcconfig"; path = "Pods/Target Support Files/Pods-Gank/Pods-Gank.release.xcconfig"; sourceTree = "<group>"; };
		B7CD6BF2000B54F8882894B0 /* Pods_Gank.framework */ = {isa = PBXFileReference; explicitFileType = wrapper.framework; includeInIndex = 0; path = Pods_Gank.framework; sourceTree = BUILT_PRODUCTS_DIR; };
		E61A210F557598C5D18E83F4 /* Pods-Gank.debug.xcconfig */ = {isa = PBXFileReference; includeInIndex = 1; lastKnownFileType = text.xcconfig; name = "Pods-Gank.debug.xcconfig"; path = "Pods/Target Support Files/Pods-Gank/Pods-Gank.debug.xcconfig"; sourceTree = "<group>"; };
/* End PBXFileReference section */

/* Begin PBXFrameworksBuildPhase section */
		2C83C8E01DAE0F4500FCE89A /* Frameworks */ = {
			isa = PBXFrameworksBuildPhase;
			buildActionMask = 2147483647;
			files = (
				97C3B78E580C1CFD9009E70B /* Pods_Gank.framework in Frameworks */,
			);
			runOnlyForDeploymentPostprocessing = 0;
		};
		2C83C8F41DAE0F4500FCE89A /* Frameworks */ = {
			isa = PBXFrameworksBuildPhase;
			buildActionMask = 2147483647;
			files = (
			);
			runOnlyForDeploymentPostprocessing = 0;
		};
		2C83C8FF1DAE0F4500FCE89A /* Frameworks */ = {
			isa = PBXFrameworksBuildPhase;
			buildActionMask = 2147483647;
			files = (
			);
			runOnlyForDeploymentPostprocessing = 0;
		};
/* End PBXFrameworksBuildPhase section */

/* Begin PBXGroup section */
		2C136C321DC6C71E0067E280 /* Services */ = {
			isa = PBXGroup;
			children = (
				2CCFD9B91DCFA6DE00526C15 /* GankService.swift */,
				2C604FD31F13FB7E00E12F06 /* GankNotificationService.swift */,
				2CBC3B761F172C5B00A49286 /* GankBackgroundFetchService.swift */,
			);
			path = Services;
			sourceTree = "<group>";
		};
		2C1CCC1A1EF813DD00679E3E /* DailyGank */ = {
			isa = PBXGroup;
			children = (
				2C4D023D1DE2076800C044B5 /* DailyGankCell.swift */,
				2C4D023E1DE2076800C044B5 /* DailyGankCell.xib */,
				2C4D023F1DE2076800C044B5 /* DailyGankLoadingCell.swift */,
				2C4D02401DE2076800C044B5 /* DailyGankLoadingCell.xib */,
			);
			path = DailyGank;
			sourceTree = "<group>";
		};
		2C279E751F11FBE000A256FF /* Sounds */ = {
			isa = PBXGroup;
			children = (
				2CAC73631F124B6C00AB51D0 /* tabbar.m4a */,
			);
			path = Sounds;
			sourceTree = "<group>";
		};
		2C2A156E1DC1F1E0003D5444 /* ViewControllers */ = {
			isa = PBXGroup;
			children = (
				2CCE93221F1E0F98009DABA9 /* WebView */,
				2CE80D671DC260A30011BB48 /* Nav */,
				2C2A156F1DC1F219003D5444 /* TabBar */,
				2C971B701DC2038000843481 /* New */,
				2C971B721DC2038D00843481 /* Category */,
				2C971B711DC2038D00843481 /* Me */,
			);
			path = ViewControllers;
			sourceTree = "<group>";
		};
		2C2A156F1DC1F219003D5444 /* TabBar */ = {
			isa = PBXGroup;
			children = (
				2C2A15701DC1F237003D5444 /* GankTabBarController.swift */,
			);
			path = TabBar;
			sourceTree = "<group>";
		};
		2C421C9B1F16138D0027C388 /* GankDate */ = {
			isa = PBXGroup;
			children = (
				2C421CA41F161B4A0027C388 /* GankDateCell.swift */,
			);
			path = GankDate;
			sourceTree = "<group>";
		};
		2C4D023B1DE2076800C044B5 /* Views */ = {
			isa = PBXGroup;
			children = (
				2C531D961DE6DEBE00C920FB /* Labels */,
				2C4D023C1DE2076800C044B5 /* Cells */,
				2C6AEC6B1F094ACE005B79F9 /* GankHeaderView */,
				2C6AEC721F0959D7005B79F9 /* CustomFooterView */,
				2C5EFDA41F205D8B00580E4D /* YFMoreOperationViewController */,
			);
			path = Views;
			sourceTree = "<group>";
		};
		2C4D023C1DE2076800C044B5 /* Cells */ = {
			isa = PBXGroup;
			children = (
				2C421C9B1F16138D0027C388 /* GankDate */,
				2C1CCC1A1EF813DD00679E3E /* DailyGank */,
				2C74F13D1F28CAF1002A9EEF /* Category */,
			);
			path = Cells;
			sourceTree = "<group>";
		};
		2C531D911DE6DD1000C920FB /* Protocols */ = {
			isa = PBXGroup;
			children = (
				2C531D921DE6DD2000C920FB /* Reusable.swift */,
				2C531D941DE6DD6500C920FB /* NibLoadable.swift */,
			);
			path = Protocols;
			sourceTree = "<group>";
		};
		2C531D961DE6DEBE00C920FB /* Labels */ = {
			isa = PBXGroup;
			children = (
				2C531D971DE6DEC900C920FB /* FPSLabel.swift */,
			);
			path = Labels;
			sourceTree = "<group>";
		};
		2C5EFDA41F205D8B00580E4D /* YFMoreOperationViewController */ = {
			isa = PBXGroup;
			children = (
				2C1013531F24FE850020A63C /* YFShareItemView.swift */,
				2C1013541F24FE850020A63C /* YFShareViewController.swift */,
				2C1013521F24FE850020A63C /* YFShareViewProtocols.swift */,
			);
			path = YFMoreOperationViewController;
			sourceTree = "<group>";
		};
		2C6AEC6B1F094ACE005B79F9 /* GankHeaderView */ = {
			isa = PBXGroup;
			children = (
				2C6AEC6C1F094AF2005B79F9 /* GankHeaderView.swift */,
				2C6AEC6E1F094AFC005B79F9 /* GankHeaderView.xib */,
				2C2B78B51F0A767B00863819 /* CoverHeaderView.swift */,
				2C2B78B71F0A768E00863819 /* CoverHeaderView.xib */,
			);
			path = GankHeaderView;
			sourceTree = "<group>";
		};
		2C6AEC721F0959D7005B79F9 /* CustomFooterView */ = {
			isa = PBXGroup;
			children = (
				2C6AEC731F0959EE005B79F9 /* CustomFooterView.swift */,
				2C6AEC751F0959F6005B79F9 /* CustomFooterView.xib */,
			);
			path = CustomFooterView;
			sourceTree = "<group>";
		};
		2C74F13D1F28CAF1002A9EEF /* Category */ = {
			isa = PBXGroup;
			children = (
				2C74F13E1F28CB36002A9EEF /* ArticleGankLoadingCell.swift */,
				2C74F13F1F28CB36002A9EEF /* ArticleGankLoadingCell.xib */,
			);
			path = Category;
			sourceTree = "<group>";
		};
		2C83C8DA1DAE0F4500FCE89A = {
			isa = PBXGroup;
			children = (
				2C83C8E51DAE0F4500FCE89A /* Gank */,
				2C83C8FA1DAE0F4500FCE89A /* GankTests */,
				2C83C9051DAE0F4500FCE89A /* GankUITests */,
				2C83C8E41DAE0F4500FCE89A /* Products */,
				49102A03A984D237939913C8 /* Pods */,
				FEC8AB13FAEC057ADE065C22 /* Frameworks */,
			);
			sourceTree = "<group>";
		};
		2C83C8E41DAE0F4500FCE89A /* Products */ = {
			isa = PBXGroup;
			children = (
				2C83C8E31DAE0F4500FCE89A /* Gank.app */,
				2C83C8F71DAE0F4500FCE89A /* GankTests.xctest */,
				2C83C9021DAE0F4500FCE89A /* GankUITests.xctest */,
			);
			name = Products;
			sourceTree = "<group>";
		};
		2C83C8E51DAE0F4500FCE89A /* Gank */ = {
			isa = PBXGroup;
			children = (
				2CCFD9B81DCF797800526C15 /* Gank.entitlements */,
				2C279E751F11FBE000A256FF /* Sounds */,
				2C971B661DC2007E00843481 /* Base */,
				2C531D911DE6DD1000C920FB /* Protocols */,
				2C971B6D1DC2015500843481 /* Extensions */,
				2C4D023B1DE2076800C044B5 /* Views */,
				2C2A156E1DC1F1E0003D5444 /* ViewControllers */,
				2CE43A821DAFD94300660852 /* Helpers */,
				2C136C321DC6C71E0067E280 /* Services */,
				2C83C8E61DAE0F4500FCE89A /* AppDelegate.swift */,
				2C83C8EA1DAE0F4500FCE89A /* Main.storyboard */,
				2C83C8ED1DAE0F4500FCE89A /* Assets.xcassets */,
				2C83C8EF1DAE0F4500FCE89A /* LaunchScreen.storyboard */,
				2C83C8F21DAE0F4500FCE89A /* Info.plist */,
			);
			path = Gank;
			sourceTree = "<group>";
		};
		2C83C8FA1DAE0F4500FCE89A /* GankTests */ = {
			isa = PBXGroup;
			children = (
				2C83C8FB1DAE0F4500FCE89A /* GankTests.swift */,
				2C98A41C1DE00935001CBE37 /* GankServiceTests.swift */,
				2C83C8FD1DAE0F4500FCE89A /* Info.plist */,
			);
			path = GankTests;
			sourceTree = "<group>";
		};
		2C83C9051DAE0F4500FCE89A /* GankUITests */ = {
			isa = PBXGroup;
			children = (
				2C83C9061DAE0F4500FCE89A /* GankUITests.swift */,
				2C83C9081DAE0F4500FCE89A /* Info.plist */,
			);
			path = GankUITests;
			sourceTree = "<group>";
		};
		2C971B661DC2007E00843481 /* Base */ = {
			isa = PBXGroup;
			children = (
				2C971B681DC200C100843481 /* ViewControllers */,
			);
			path = Base;
			sourceTree = "<group>";
		};
		2C971B681DC200C100843481 /* ViewControllers */ = {
			isa = PBXGroup;
			children = (
				2C971B691DC200DA00843481 /* BaseViewController.swift */,
				2C971B6B1DC200F600843481 /* SegueViewController.swift */,
			);
			path = ViewControllers;
			sourceTree = "<group>";
		};
		2C971B6D1DC2015500843481 /* Extensions */ = {
			isa = PBXGroup;
			children = (
				2C971B6E1DC2019500843481 /* UIColor+Gank.swift */,
				2CE80D5F1DC24BB90011BB48 /* UIFont+Gank.swift */,
				2C221C681DC4B58E00428928 /* UIStoryBoard+Gank.swift */,
				2C136C301DC631EF0067E280 /* UIImage+Named.swift */,
				2C136C351DC6DAF20067E280 /* Bundle+Gank.swift */,
				2C98A41A1DDDFBDB001CBE37 /* Date+Gank.swift */,
				2C531D8F1DE6DAF500C920FB /* UITableView+Gank.swift */,
				2C4DFB361F0028270068A73F /* String+Gank.swift */,
				2C30764C1F037E0100F595F2 /* Array+Gank.swift */,
				2C6AEC5F1F08FD30005B79F9 /* Date+TimeAgo.swift */,
				2C6AEC701F095575005B79F9 /* UIView+Gank.swift */,
				2C2B78B91F0A9CF600863819 /* UILabel+Gank.swift */,
				2C279E641F10911C00A256FF /* String+Named.swift */,
			);
			path = Extensions;
			sourceTree = "<group>";
		};
		2C971B701DC2038000843481 /* New */ = {
			isa = PBXGroup;
			children = (
				2C971B731DC203E200843481 /* NewViewController.swift */,
				2C53F4061F15F9A70071A3AC /* HistoryViewController.swift */,
				2C4D021D1DE1EAE800C044B5 /* New.storyboard */,
			);
			path = New;
			sourceTree = "<group>";
		};
		2C971B711DC2038D00843481 /* Me */ = {
			isa = PBXGroup;
			children = (
				2C971B771DC2040400843481 /* MeViewController.swift */,
			);
			path = Me;
			sourceTree = "<group>";
		};
		2C971B721DC2038D00843481 /* Category */ = {
			isa = PBXGroup;
			children = (
				2C971B751DC203F400843481 /* CategoryViewController.swift */,
				2C74F1311F287CCD002A9EEF /* ArticleViewController.swift */,
				2C74F1331F2880F5002A9EEF /* MeiziViewController.swift */,
				2C74F1351F288243002A9EEF /* VideoViewController.swift */,
				2C3867C21F277F68004952A3 /* Category.storyboard */,
			);
			path = Category;
			sourceTree = "<group>";
		};
		2CCE93221F1E0F98009DABA9 /* WebView */ = {
			isa = PBXGroup;
			children = (
				2CCE93291F1E3005009DABA9 /* GankDetailViewController.swift */,
				2CCE93271F1E1729009DABA9 /* WebView.storyboard */,
			);
			path = WebView;
			sourceTree = "<group>";
		};
		2CE43A821DAFD94300660852 /* Helpers */ = {
			isa = PBXGroup;
			children = (
				2C75352B1DC8D02900C957A4 /* GankConfig.swift */,
				2C75352D1DC8D03900C957A4 /* GankLogger.swift */,
				2CCFD9B61DCF611100526C15 /* GankNetworking.swift */,
				2C4DFB341F0022500068A73F /* SafeDispatch.swift */,
				2C279E621F0FF9B400A256FF /* GankAlert.swift */,
				2C279E711F11F2DB00A256FF /* GankSoundEffect.swift */,
				2C279E731F11F3C400A256FF /* GankFeedbackEffect.swift */,
				2C53F4041F14D59B0071A3AC /* GankUserDefaults.swift */,
			);
			name = Helpers;
			sourceTree = "<group>";
		};
		2CE80D671DC260A30011BB48 /* Nav */ = {
			isa = PBXGroup;
			children = (
				2CE80D681DC260B20011BB48 /* GankNavigationController.swift */,
			);
			path = Nav;
			sourceTree = "<group>";
		};
		49102A03A984D237939913C8 /* Pods */ = {
			isa = PBXGroup;
			children = (
				E61A210F557598C5D18E83F4 /* Pods-Gank.debug.xcconfig */,
				7E9A160EDC9C3F33678E041B /* Pods-Gank.release.xcconfig */,
			);
			name = Pods;
			sourceTree = "<group>";
		};
		FEC8AB13FAEC057ADE065C22 /* Frameworks */ = {
			isa = PBXGroup;
			children = (
				B7CD6BF2000B54F8882894B0 /* Pods_Gank.framework */,
			);
			name = Frameworks;
			sourceTree = "<group>";
		};
/* End PBXGroup section */

/* Begin PBXNativeTarget section */
		2C83C8E21DAE0F4500FCE89A /* Gank */ = {
			isa = PBXNativeTarget;
			buildConfigurationList = 2C83C90B1DAE0F4500FCE89A /* Build configuration list for PBXNativeTarget "Gank" */;
			buildPhases = (
				476FE4985E1098314A45BDFC /* [CP] Check Pods Manifest.lock */,
				2C83C8DF1DAE0F4500FCE89A /* Sources */,
				2C83C8E01DAE0F4500FCE89A /* Frameworks */,
				2C83C8E11DAE0F4500FCE89A /* Resources */,
				EF10FE34CC6C8FB5644994E9 /* [CP] Embed Pods Frameworks */,
				85288FA81E4895AF70962E30 /* [CP] Copy Pods Resources */,
				2C279E701F11E72800A256FF /* ShellScript */,
			);
			buildRules = (
			);
			dependencies = (
			);
			name = Gank;
			productName = Gank;
			productReference = 2C83C8E31DAE0F4500FCE89A /* Gank.app */;
			productType = "com.apple.product-type.application";
		};
		2C83C8F61DAE0F4500FCE89A /* GankTests */ = {
			isa = PBXNativeTarget;
			buildConfigurationList = 2C83C90E1DAE0F4500FCE89A /* Build configuration list for PBXNativeTarget "GankTests" */;
			buildPhases = (
				2C83C8F31DAE0F4500FCE89A /* Sources */,
				2C83C8F41DAE0F4500FCE89A /* Frameworks */,
				2C83C8F51DAE0F4500FCE89A /* Resources */,
			);
			buildRules = (
			);
			dependencies = (
				2C83C8F91DAE0F4500FCE89A /* PBXTargetDependency */,
			);
			name = GankTests;
			productName = GankTests;
			productReference = 2C83C8F71DAE0F4500FCE89A /* GankTests.xctest */;
			productType = "com.apple.product-type.bundle.unit-test";
		};
		2C83C9011DAE0F4500FCE89A /* GankUITests */ = {
			isa = PBXNativeTarget;
			buildConfigurationList = 2C83C9111DAE0F4500FCE89A /* Build configuration list for PBXNativeTarget "GankUITests" */;
			buildPhases = (
				2C83C8FE1DAE0F4500FCE89A /* Sources */,
				2C83C8FF1DAE0F4500FCE89A /* Frameworks */,
				2C83C9001DAE0F4500FCE89A /* Resources */,
			);
			buildRules = (
			);
			dependencies = (
				2C83C9041DAE0F4500FCE89A /* PBXTargetDependency */,
			);
			name = GankUITests;
			productName = GankUITests;
			productReference = 2C83C9021DAE0F4500FCE89A /* GankUITests.xctest */;
			productType = "com.apple.product-type.bundle.ui-testing";
		};
/* End PBXNativeTarget section */

/* Begin PBXProject section */
		2C83C8DB1DAE0F4500FCE89A /* Project object */ = {
			isa = PBXProject;
			attributes = {
				LastSwiftUpdateCheck = 0800;
				LastUpgradeCheck = 0800;
				ORGANIZATIONNAME = "Suzhou Coryphaei Information&Technology Co., Ltd";
				TargetAttributes = {
					2C83C8E21DAE0F4500FCE89A = {
						CreatedOnToolsVersion = 8.0;
						DevelopmentTeam = 3WTM5PLDUE;
						ProvisioningStyle = Automatic;
						SystemCapabilities = {
							com.apple.BackgroundModes = {
								enabled = 1;
							};
							com.apple.Push = {
								enabled = 1;
							};
						};
					};
					2C83C8F61DAE0F4500FCE89A = {
						CreatedOnToolsVersion = 8.0;
						DevelopmentTeam = 3WTM5PLDUE;
						ProvisioningStyle = Automatic;
						TestTargetID = 2C83C8E21DAE0F4500FCE89A;
					};
					2C83C9011DAE0F4500FCE89A = {
						CreatedOnToolsVersion = 8.0;
						DevelopmentTeam = 3WTM5PLDUE;
						ProvisioningStyle = Automatic;
						TestTargetID = 2C83C8E21DAE0F4500FCE89A;
					};
				};
			};
			buildConfigurationList = 2C83C8DE1DAE0F4500FCE89A /* Build configuration list for PBXProject "Gank" */;
			compatibilityVersion = "Xcode 3.2";
			developmentRegion = English;
			hasScannedForEncodings = 0;
			knownRegions = (
				en,
				Base,
			);
			mainGroup = 2C83C8DA1DAE0F4500FCE89A;
			productRefGroup = 2C83C8E41DAE0F4500FCE89A /* Products */;
			projectDirPath = "";
			projectRoot = "";
			targets = (
				2C83C8E21DAE0F4500FCE89A /* Gank */,
				2C83C8F61DAE0F4500FCE89A /* GankTests */,
				2C83C9011DAE0F4500FCE89A /* GankUITests */,
			);
		};
/* End PBXProject section */

/* Begin PBXResourcesBuildPhase section */
		2C83C8E11DAE0F4500FCE89A /* Resources */ = {
			isa = PBXResourcesBuildPhase;
			buildActionMask = 2147483647;
			files = (
				2C3867C31F277F68004952A3 /* Category.storyboard in Resources */,
				2CAC73641F124BF500AB51D0 /* tabbar.m4a in Resources */,
				2C83C8F11DAE0F4500FCE89A /* LaunchScreen.storyboard in Resources */,
				2C74F1411F28CB36002A9EEF /* ArticleGankLoadingCell.xib in Resources */,
				2C6AEC761F0959F6005B79F9 /* CustomFooterView.xib in Resources */,
				2C83C8EE1DAE0F4500FCE89A /* Assets.xcassets in Resources */,
				2C83C8EC1DAE0F4500FCE89A /* Main.storyboard in Resources */,
				2CCE93281F1E1729009DABA9 /* WebView.storyboard in Resources */,
				2C4D021E1DE1EAE800C044B5 /* New.storyboard in Resources */,
				2C4D02451DE2076800C044B5 /* DailyGankCell.xib in Resources */,
				2C2B78B81F0A768E00863819 /* CoverHeaderView.xib in Resources */,
				2C4D02471DE2076800C044B5 /* DailyGankLoadingCell.xib in Resources */,
				2C6AEC6F1F094AFC005B79F9 /* GankHeaderView.xib in Resources */,
			);
			runOnlyForDeploymentPostprocessing = 0;
		};
		2C83C8F51DAE0F4500FCE89A /* Resources */ = {
			isa = PBXResourcesBuildPhase;
			buildActionMask = 2147483647;
			files = (
			);
			runOnlyForDeploymentPostprocessing = 0;
		};
		2C83C9001DAE0F4500FCE89A /* Resources */ = {
			isa = PBXResourcesBuildPhase;
			buildActionMask = 2147483647;
			files = (
			);
			runOnlyForDeploymentPostprocessing = 0;
		};
/* End PBXResourcesBuildPhase section */

/* Begin PBXShellScriptBuildPhase section */
		2C279E701F11E72800A256FF /* ShellScript */ = {
			isa = PBXShellScriptBuildPhase;
			buildActionMask = 2147483647;
			files = (
			);
			inputPaths = (
			);
			outputPaths = (
			);
			runOnlyForDeploymentPostprocessing = 0;
			shellPath = /bin/sh;
			shellScript = "buildNumber=$(/usr/libexec/PlistBuddy -c \"Print CFBundleVersion\" \"$INFOPLIST_FILE\")\nbuildNumber=$(($buildNumber + 1))\n/usr/libexec/PlistBuddy -c \"Set :CFBundleVersion $buildNumber\" \"$INFOPLIST_FILE\"";
		};
		476FE4985E1098314A45BDFC /* [CP] Check Pods Manifest.lock */ = {
			isa = PBXShellScriptBuildPhase;
			buildActionMask = 2147483647;
			files = (
			);
			inputPaths = (
			);
			name = "[CP] Check Pods Manifest.lock";
			outputPaths = (
			);
			runOnlyForDeploymentPostprocessing = 0;
			shellPath = /bin/sh;
			shellScript = "diff \"${PODS_PODFILE_DIR_PATH}/Podfile.lock\" \"${PODS_ROOT}/Manifest.lock\" > /dev/null\nif [ $? != 0 ] ; then\n    # print error to STDERR\n    echo \"error: The sandbox is not in sync with the Podfile.lock. Run 'pod install' or update your CocoaPods installation.\" >&2\n    exit 1\nfi\n";
			showEnvVarsInLog = 0;
		};
		85288FA81E4895AF70962E30 /* [CP] Copy Pods Resources */ = {
			isa = PBXShellScriptBuildPhase;
			buildActionMask = 2147483647;
			files = (
			);
			inputPaths = (
			);
			name = "[CP] Copy Pods Resources";
			outputPaths = (
			);
			runOnlyForDeploymentPostprocessing = 0;
			shellPath = /bin/sh;
			shellScript = "\"${SRCROOT}/Pods/Target Support Files/Pods-Gank/Pods-Gank-resources.sh\"\n";
			showEnvVarsInLog = 0;
		};
		EF10FE34CC6C8FB5644994E9 /* [CP] Embed Pods Frameworks */ = {
			isa = PBXShellScriptBuildPhase;
			buildActionMask = 2147483647;
			files = (
			);
			inputPaths = (
			);
			name = "[CP] Embed Pods Frameworks";
			outputPaths = (
			);
			runOnlyForDeploymentPostprocessing = 0;
			shellPath = /bin/sh;
			shellScript = "\"${SRCROOT}/Pods/Target Support Files/Pods-Gank/Pods-Gank-frameworks.sh\"\n";
			showEnvVarsInLog = 0;
		};
/* End PBXShellScriptBuildPhase section */

/* Begin PBXSourcesBuildPhase section */
		2C83C8DF1DAE0F4500FCE89A /* Sources */ = {
			isa = PBXSourcesBuildPhase;
			buildActionMask = 2147483647;
			files = (
				2CBC3B771F172C5B00A49286 /* GankBackgroundFetchService.swift in Sources */,
				2C971B781DC2040400843481 /* MeViewController.swift in Sources */,
				2C75352C1DC8D02900C957A4 /* GankConfig.swift in Sources */,
				2C98A41B1DDDFBDB001CBE37 /* Date+Gank.swift in Sources */,
				2C279E721F11F2DB00A256FF /* GankSoundEffect.swift in Sources */,
				2C2A15711DC1F237003D5444 /* GankTabBarController.swift in Sources */,
				2C421CA51F161B4A0027C388 /* GankDateCell.swift in Sources */,
				2C1013571F24FECF0020A63C /* YFShareViewProtocols.swift in Sources */,
				2C2B78BA1F0A9CF600863819 /* UILabel+Gank.swift in Sources */,
				2C6AEC711F095575005B79F9 /* UIView+Gank.swift in Sources */,
				2C531D901DE6DAF500C920FB /* UITableView+Gank.swift in Sources */,
				2C6AEC6D1F094AF2005B79F9 /* GankHeaderView.swift in Sources */,
				2C531D981DE6DEC900C920FB /* FPSLabel.swift in Sources */,
				2C971B6A1DC200DA00843481 /* BaseViewController.swift in Sources */,
				2C74F1321F287CCD002A9EEF /* ArticleViewController.swift in Sources */,
				2C971B741DC203E200843481 /* NewViewController.swift in Sources */,
				2C279E631F0FF9B400A256FF /* GankAlert.swift in Sources */,
				2C279E741F11F3C400A256FF /* GankFeedbackEffect.swift in Sources */,
				2C971B6F1DC2019500843481 /* UIColor+Gank.swift in Sources */,
				2C971B761DC203F400843481 /* CategoryViewController.swift in Sources */,
				2C4D02441DE2076800C044B5 /* DailyGankCell.swift in Sources */,
				2C136C311DC631EF0067E280 /* UIImage+Named.swift in Sources */,
				2C53F4051F14D59B0071A3AC /* GankUserDefaults.swift in Sources */,
				2C531D931DE6DD2000C920FB /* Reusable.swift in Sources */,
				2CE80D691DC260B20011BB48 /* GankNavigationController.swift in Sources */,
				2C6AEC601F08FD30005B79F9 /* Date+TimeAgo.swift in Sources */,
				2C971B6C1DC200F600843481 /* SegueViewController.swift in Sources */,
				2C53F4071F15F9A70071A3AC /* HistoryViewController.swift in Sources */,
				2C221C691DC4B58E00428928 /* UIStoryBoard+Gank.swift in Sources */,
				2C2B78B61F0A767B00863819 /* CoverHeaderView.swift in Sources */,
				2C83C8E71DAE0F4500FCE89A /* AppDelegate.swift in Sources */,
				2C4DFB371F0028270068A73F /* String+Gank.swift in Sources */,
				2C6AEC741F0959EE005B79F9 /* CustomFooterView.swift in Sources */,
				2C74F1341F2880F5002A9EEF /* MeiziViewController.swift in Sources */,
				2C531D951DE6DD6500C920FB /* NibLoadable.swift in Sources */,
				2C1013551F24FEB90020A63C /* YFShareItemView.swift in Sources */,
				2C4DFB351F0022500068A73F /* SafeDispatch.swift in Sources */,
				2C30764D1F037E0100F595F2 /* Array+Gank.swift in Sources */,
				2C279E651F10911C00A256FF /* String+Named.swift in Sources */,
				2C75352E1DC8D03900C957A4 /* GankLogger.swift in Sources */,
				2CCFD9BA1DCFA6DE00526C15 /* GankService.swift in Sources */,
				2CE80D601DC24BB90011BB48 /* UIFont+Gank.swift in Sources */,
				2CCE932A1F1E305F009DABA9 /* GankDetailViewController.swift in Sources */,
				2C74F1361F288243002A9EEF /* VideoViewController.swift in Sources */,
				2C136C361DC6DAF20067E280 /* Bundle+Gank.swift in Sources */,
				2CCFD9B71DCF611100526C15 /* GankNetworking.swift in Sources */,
				2C74F1401F28CB36002A9EEF /* ArticleGankLoadingCell.swift in Sources */,
				2C1013561F24FECB0020A63C /* YFShareViewController.swift in Sources */,
				2C4D02461DE2076800C044B5 /* DailyGankLoadingCell.swift in Sources */,
				2C604FD41F13FB7E00E12F06 /* GankNotificationService.swift in Sources */,
			);
			runOnlyForDeploymentPostprocessing = 0;
		};
		2C83C8F31DAE0F4500FCE89A /* Sources */ = {
			isa = PBXSourcesBuildPhase;
			buildActionMask = 2147483647;
			files = (
				2C98A41D1DE00935001CBE37 /* GankServiceTests.swift in Sources */,
				2C83C8FC1DAE0F4500FCE89A /* GankTests.swift in Sources */,
			);
			runOnlyForDeploymentPostprocessing = 0;
		};
		2C83C8FE1DAE0F4500FCE89A /* Sources */ = {
			isa = PBXSourcesBuildPhase;
			buildActionMask = 2147483647;
			files = (
				2C83C9071DAE0F4500FCE89A /* GankUITests.swift in Sources */,
			);
			runOnlyForDeploymentPostprocessing = 0;
		};
/* End PBXSourcesBuildPhase section */

/* Begin PBXTargetDependency section */
		2C83C8F91DAE0F4500FCE89A /* PBXTargetDependency */ = {
			isa = PBXTargetDependency;
			target = 2C83C8E21DAE0F4500FCE89A /* Gank */;
			targetProxy = 2C83C8F81DAE0F4500FCE89A /* PBXContainerItemProxy */;
		};
		2C83C9041DAE0F4500FCE89A /* PBXTargetDependency */ = {
			isa = PBXTargetDependency;
			target = 2C83C8E21DAE0F4500FCE89A /* Gank */;
			targetProxy = 2C83C9031DAE0F4500FCE89A /* PBXContainerItemProxy */;
		};
/* End PBXTargetDependency section */

/* Begin PBXVariantGroup section */
		2C83C8EA1DAE0F4500FCE89A /* Main.storyboard */ = {
			isa = PBXVariantGroup;
			children = (
				2C83C8EB1DAE0F4500FCE89A /* Base */,
			);
			name = Main.storyboard;
			sourceTree = "<group>";
		};
		2C83C8EF1DAE0F4500FCE89A /* LaunchScreen.storyboard */ = {
			isa = PBXVariantGroup;
			children = (
				2C83C8F01DAE0F4500FCE89A /* Base */,
			);
			name = LaunchScreen.storyboard;
			sourceTree = "<group>";
		};
/* End PBXVariantGroup section */

/* Begin XCBuildConfiguration section */
		2C83C9091DAE0F4500FCE89A /* Debug */ = {
			isa = XCBuildConfiguration;
			buildSettings = {
				ALWAYS_SEARCH_USER_PATHS = NO;
				CLANG_ANALYZER_NONNULL = YES;
				CLANG_CXX_LANGUAGE_STANDARD = "gnu++0x";
				CLANG_CXX_LIBRARY = "libc++";
				CLANG_ENABLE_MODULES = YES;
				CLANG_ENABLE_OBJC_ARC = YES;
				CLANG_WARN_BOOL_CONVERSION = YES;
				CLANG_WARN_CONSTANT_CONVERSION = YES;
				CLANG_WARN_DIRECT_OBJC_ISA_USAGE = YES_ERROR;
				CLANG_WARN_DOCUMENTATION_COMMENTS = YES;
				CLANG_WARN_EMPTY_BODY = YES;
				CLANG_WARN_ENUM_CONVERSION = YES;
				CLANG_WARN_INFINITE_RECURSION = YES;
				CLANG_WARN_INT_CONVERSION = YES;
				CLANG_WARN_OBJC_ROOT_CLASS = YES_ERROR;
				CLANG_WARN_SUSPICIOUS_MOVES = YES;
				CLANG_WARN_UNREACHABLE_CODE = YES;
				CLANG_WARN__DUPLICATE_METHOD_MATCH = YES;
				"CODE_SIGN_IDENTITY[sdk=iphoneos*]" = "iPhone Developer";
				COPY_PHASE_STRIP = NO;
				DEBUG_INFORMATION_FORMAT = dwarf;
				ENABLE_STRICT_OBJC_MSGSEND = YES;
				ENABLE_TESTABILITY = YES;
				GCC_C_LANGUAGE_STANDARD = gnu99;
				GCC_DYNAMIC_NO_PIC = NO;
				GCC_NO_COMMON_BLOCKS = YES;
				GCC_OPTIMIZATION_LEVEL = 0;
				GCC_PREPROCESSOR_DEFINITIONS = (
					"DEBUG=1",
					"$(inherited)",
				);
				GCC_WARN_64_TO_32_BIT_CONVERSION = YES;
				GCC_WARN_ABOUT_RETURN_TYPE = YES_ERROR;
				GCC_WARN_UNDECLARED_SELECTOR = YES;
				GCC_WARN_UNINITIALIZED_AUTOS = YES_AGGRESSIVE;
				GCC_WARN_UNUSED_FUNCTION = YES;
				GCC_WARN_UNUSED_VARIABLE = YES;
				IPHONEOS_DEPLOYMENT_TARGET = 10.0;
				MTL_ENABLE_DEBUG_INFO = YES;
				ONLY_ACTIVE_ARCH = YES;
				SDKROOT = iphoneos;
				SWIFT_ACTIVE_COMPILATION_CONDITIONS = DEBUG;
				SWIFT_OPTIMIZATION_LEVEL = "-Onone";
			};
			name = Debug;
		};
		2C83C90A1DAE0F4500FCE89A /* Release */ = {
			isa = XCBuildConfiguration;
			buildSettings = {
				ALWAYS_SEARCH_USER_PATHS = NO;
				CLANG_ANALYZER_NONNULL = YES;
				CLANG_CXX_LANGUAGE_STANDARD = "gnu++0x";
				CLANG_CXX_LIBRARY = "libc++";
				CLANG_ENABLE_MODULES = YES;
				CLANG_ENABLE_OBJC_ARC = YES;
				CLANG_WARN_BOOL_CONVERSION = YES;
				CLANG_WARN_CONSTANT_CONVERSION = YES;
				CLANG_WARN_DIRECT_OBJC_ISA_USAGE = YES_ERROR;
				CLANG_WARN_DOCUMENTATION_COMMENTS = YES;
				CLANG_WARN_EMPTY_BODY = YES;
				CLANG_WARN_ENUM_CONVERSION = YES;
				CLANG_WARN_INFINITE_RECURSION = YES;
				CLANG_WARN_INT_CONVERSION = YES;
				CLANG_WARN_OBJC_ROOT_CLASS = YES_ERROR;
				CLANG_WARN_SUSPICIOUS_MOVES = YES;
				CLANG_WARN_UNREACHABLE_CODE = YES;
				CLANG_WARN__DUPLICATE_METHOD_MATCH = YES;
				"CODE_SIGN_IDENTITY[sdk=iphoneos*]" = "iPhone Developer";
				COPY_PHASE_STRIP = NO;
				DEBUG_INFORMATION_FORMAT = "dwarf-with-dsym";
				ENABLE_NS_ASSERTIONS = NO;
				ENABLE_STRICT_OBJC_MSGSEND = YES;
				GCC_C_LANGUAGE_STANDARD = gnu99;
				GCC_NO_COMMON_BLOCKS = YES;
				GCC_WARN_64_TO_32_BIT_CONVERSION = YES;
				GCC_WARN_ABOUT_RETURN_TYPE = YES_ERROR;
				GCC_WARN_UNDECLARED_SELECTOR = YES;
				GCC_WARN_UNINITIALIZED_AUTOS = YES_AGGRESSIVE;
				GCC_WARN_UNUSED_FUNCTION = YES;
				GCC_WARN_UNUSED_VARIABLE = YES;
				IPHONEOS_DEPLOYMENT_TARGET = 10.0;
				MTL_ENABLE_DEBUG_INFO = NO;
				SDKROOT = iphoneos;
				SWIFT_OPTIMIZATION_LEVEL = "-Owholemodule";
				VALIDATE_PRODUCT = YES;
			};
			name = Release;
		};
		2C83C90C1DAE0F4500FCE89A /* Debug */ = {
			isa = XCBuildConfiguration;
			baseConfigurationReference = E61A210F557598C5D18E83F4 /* Pods-Gank.debug.xcconfig */;
			buildSettings = {
				ASSETCATALOG_COMPILER_APPICON_NAME = AppIcon;
				CODE_SIGN_ENTITLEMENTS = Gank/Gank.entitlements;
				"CODE_SIGN_IDENTITY[sdk=iphoneos*]" = "iPhone Developer";
				CODE_SIGN_STYLE = Automatic;
				DEVELOPMENT_TEAM = "";
				INFOPLIST_FILE = Gank/Info.plist;
				LD_RUNPATH_SEARCH_PATHS = "$(inherited) @executable_path/Frameworks";
				PRODUCT_BUNDLE_IDENTIFIER = com.coryphaei.Gank;
				PRODUCT_NAME = "$(TARGET_NAME)";
				PROVISIONING_PROFILE = "";
				PROVISIONING_PROFILE_SPECIFIER = "";
				SWIFT_VERSION = 3.0;
			};
			name = Debug;
		};
		2C83C90D1DAE0F4500FCE89A /* Release */ = {
			isa = XCBuildConfiguration;
			baseConfigurationReference = 7E9A160EDC9C3F33678E041B /* Pods-Gank.release.xcconfig */;
			buildSettings = {
				ASSETCATALOG_COMPILER_APPICON_NAME = AppIcon;
				CODE_SIGN_ENTITLEMENTS = Gank/Gank.entitlements;
				"CODE_SIGN_IDENTITY[sdk=iphoneos*]" = "iPhone Developer";
				CODE_SIGN_STYLE = Automatic;
				DEVELOPMENT_TEAM = "";
				INFOPLIST_FILE = Gank/Info.plist;
				LD_RUNPATH_SEARCH_PATHS = "$(inherited) @executable_path/Frameworks";
				PRODUCT_BUNDLE_IDENTIFIER = com.coryphaei.Gank;
				PRODUCT_NAME = "$(TARGET_NAME)";
				PROVISIONING_PROFILE = "";
				PROVISIONING_PROFILE_SPECIFIER = "";
				SWIFT_VERSION = 3.0;
			};
			name = Release;
		};
		2C83C90F1DAE0F4500FCE89A /* Debug */ = {
			isa = XCBuildConfiguration;
			buildSettings = {
				ALWAYS_EMBED_SWIFT_STANDARD_LIBRARIES = YES;
				BUNDLE_LOADER = "$(TEST_HOST)";
				DEVELOPMENT_TEAM = 3WTM5PLDUE;
				INFOPLIST_FILE = GankTests/Info.plist;
				LD_RUNPATH_SEARCH_PATHS = "$(inherited) @executable_path/Frameworks @loader_path/Frameworks";
				PRODUCT_BUNDLE_IDENTIFIER = com.coryphaei.GankTests;
				PRODUCT_NAME = "$(TARGET_NAME)";
				SWIFT_VERSION = 3.0;
				TEST_HOST = "$(BUILT_PRODUCTS_DIR)/Gank.app/Gank";
			};
			name = Debug;
		};
		2C83C9101DAE0F4500FCE89A /* Release */ = {
			isa = XCBuildConfiguration;
			buildSettings = {
				ALWAYS_EMBED_SWIFT_STANDARD_LIBRARIES = YES;
				BUNDLE_LOADER = "$(TEST_HOST)";
				DEVELOPMENT_TEAM = 3WTM5PLDUE;
				INFOPLIST_FILE = GankTests/Info.plist;
				LD_RUNPATH_SEARCH_PATHS = "$(inherited) @executable_path/Frameworks @loader_path/Frameworks";
				PRODUCT_BUNDLE_IDENTIFIER = com.coryphaei.GankTests;
				PRODUCT_NAME = "$(TARGET_NAME)";
				SWIFT_VERSION = 3.0;
				TEST_HOST = "$(BUILT_PRODUCTS_DIR)/Gank.app/Gank";
			};
			name = Release;
		};
		2C83C9121DAE0F4500FCE89A /* Debug */ = {
			isa = XCBuildConfiguration;
			buildSettings = {
				ALWAYS_EMBED_SWIFT_STANDARD_LIBRARIES = YES;
				DEVELOPMENT_TEAM = 3WTM5PLDUE;
				INFOPLIST_FILE = GankUITests/Info.plist;
				LD_RUNPATH_SEARCH_PATHS = "$(inherited) @executable_path/Frameworks @loader_path/Frameworks";
				PRODUCT_BUNDLE_IDENTIFIER = com.coryphaei.GankUITests;
				PRODUCT_NAME = "$(TARGET_NAME)";
				SWIFT_VERSION = 3.0;
				TEST_TARGET_NAME = Gank;
			};
			name = Debug;
		};
		2C83C9131DAE0F4500FCE89A /* Release */ = {
			isa = XCBuildConfiguration;
			buildSettings = {
				ALWAYS_EMBED_SWIFT_STANDARD_LIBRARIES = YES;
				DEVELOPMENT_TEAM = 3WTM5PLDUE;
				INFOPLIST_FILE = GankUITests/Info.plist;
				LD_RUNPATH_SEARCH_PATHS = "$(inherited) @executable_path/Frameworks @loader_path/Frameworks";
				PRODUCT_BUNDLE_IDENTIFIER = com.coryphaei.GankUITests;
				PRODUCT_NAME = "$(TARGET_NAME)";
				SWIFT_VERSION = 3.0;
				TEST_TARGET_NAME = Gank;
			};
			name = Release;
		};
/* End XCBuildConfiguration section */

/* Begin XCConfigurationList section */
		2C83C8DE1DAE0F4500FCE89A /* Build configuration list for PBXProject "Gank" */ = {
			isa = XCConfigurationList;
			buildConfigurations = (
				2C83C9091DAE0F4500FCE89A /* Debug */,
				2C83C90A1DAE0F4500FCE89A /* Release */,
			);
			defaultConfigurationIsVisible = 0;
			defaultConfigurationName = Release;
		};
		2C83C90B1DAE0F4500FCE89A /* Build configuration list for PBXNativeTarget "Gank" */ = {
			isa = XCConfigurationList;
			buildConfigurations = (
				2C83C90C1DAE0F4500FCE89A /* Debug */,
				2C83C90D1DAE0F4500FCE89A /* Release */,
			);
			defaultConfigurationIsVisible = 0;
			defaultConfigurationName = Release;
		};
		2C83C90E1DAE0F4500FCE89A /* Build configuration list for PBXNativeTarget "GankTests" */ = {
			isa = XCConfigurationList;
			buildConfigurations = (
				2C83C90F1DAE0F4500FCE89A /* Debug */,
				2C83C9101DAE0F4500FCE89A /* Release */,
			);
			defaultConfigurationIsVisible = 0;
			defaultConfigurationName = Release;
		};
		2C83C9111DAE0F4500FCE89A /* Build configuration list for PBXNativeTarget "GankUITests" */ = {
			isa = XCConfigurationList;
			buildConfigurations = (
				2C83C9121DAE0F4500FCE89A /* Debug */,
				2C83C9131DAE0F4500FCE89A /* Release */,
			);
			defaultConfigurationIsVisible = 0;
			defaultConfigurationName = Release;
		};
/* End XCConfigurationList section */
	};
	rootObject = 2C83C8DB1DAE0F4500FCE89A /* Project object */;
}
